
Microsoft Visual Studio Solution File, Format Version 12.00
# Visual Studio Version 17
VisualStudioVersion = 17.8.34408.163
MinimumVisualStudioVersion = 10.0.40219.1
Project("{FAE04EC0-301F-11D3-BF4B-00C04F79EFBC}") = "TableTopHubApp", "TableTopHubApp\TableTopHubApp.csproj", "{F47051BC-4963-45CB-9136-4239EC334677}"
EndProject
Project("{2150E333-8FDC-42A3-9474-1A3956D46DE8}") = "Solution Items", "Solution Items", "{21092DE5-3056-494F-B99B-C7534D4165A5}"
	ProjectSection(SolutionItems) = preProject
		.editorconfig = .editorconfig
	EndProjectSection
EndProject
Global
	GlobalSection(SolutionConfigurationPlatforms) = preSolution
		Debug|Any CPU = Debug|Any CPU
		Release|Any CPU = Release|Any CPU
	EndGlobalSection
	GlobalSection(ProjectConfigurationPlatforms) = postSolution
		{F47051BC-4963-45CB-9136-4239EC334677}.Debug|Any CPU.ActiveCfg = Debug|Any CPU
		{F47051BC-4963-45CB-9136-4239EC334677}.Debug|Any CPU.Build.0 = Debug|Any CPU
		{F47051BC-4963-45CB-9136-4239EC334677}.Release|Any CPU.ActiveCfg = Release|Any CPU
		{F47051BC-4963-45CB-9136-4239EC334677}.Release|Any CPU.Build.0 = Release|Any CPU
	EndGlobalSection
	GlobalSection(SolutionProperties) = preSolution
		HideSolutionNode = FALSE
	EndGlobalSection
	GlobalSection(ExtensibilityGlobals) = postSolution
		SolutionGuid = {4F48D5C9-0250-4465-8A64-66F2A4799EC1}
	EndGlobalSection
EndGlobal
